{
  "name": "ui-router-example",
  "version": "1.0.0",
  "lockfileVersion": 1,
  "requires": true,
  "dependencies": {
    "@uirouter/core": {
      "version": "5.0.20",
      "resolved": "https://registry.npmjs.org/@uirouter/core/-/core-5.0.20.tgz",
      "integrity": "sha512-7MwtORbMF0UFCgMb+KcBAx+7EsYn/6sP5mEAjLNQq14AkHOJom5pPRE0N3nxduFbK3V2TXfsOX2UjtbkuXql+A=="
    },
    "angular": {
      "version": "1.7.3",
      "resolved": "https://registry.npmjs.org/angular/-/angular-1.7.3.tgz",
      "integrity": "sha512-hQRhU56shs72y88cS0Uy9g+UAMHoztJ3V+r+iF8o1AK/Bpu8ewmjFDk9j2LjSuN05a9mhxW1rOHnYKOwyTS/Zg=="
    },
    "angular-animate": {
      "version": "1.7.3",
      "resolved": "https://registry.npmjs.org/angular-animate/-/angular-animate-1.7.3.tgz",
      "integrity": "sha512-RIYQhql+jUU13jwTrXemSMYTfbGuLBr7jh67R3UbR2yCQ8IOxcXHn2tx+hm8PwXX8agsFAQjWSPP5wam5ecuSg=="
    },
    "angular-aria": {
      "version": "1.7.3",
      "resolved": "https://registry.npmjs.org/angular-aria/-/angular-aria-1.7.3.tgz",
      "integrity": "sha512-5D8+W5BlbqPGqu1ybLSRp+HnbZJ1DnuLO8heIxUH14n5JwXrHMpB6jZJ2LlGn4pkVkG7WA/xhvM9NPHUf4cIYg=="
    },
    "angular-material": {
      "version": "1.1.10",
      "resolved": "https://registry.npmjs.org/angular-material/-/angular-material-1.1.10.tgz",
      "integrity": "sha512-LfBt5a1AVPbtsFzbmAyyZj90Gtc1U94OGtfMEauGzwsfqTnbH/y/9dtndH84N9S65wXkBoBe3VG6kfyoQSeCVw=="
    },
    "angular-messages": {
      "version": "1.7.3",
      "resolved": "https://registry.npmjs.org/angular-messages/-/angular-messages-1.7.3.tgz",
      "integrity": "sha512-OiuQKmz9zmbgW0a3nolCjkVi5xwldglE6Usqt2N48swqBoo8A0iIJw1er781+MaOXZ8vzxolnqILmiFTZYigNw=="
    },
    "angular-ui-router": {
      "version": "1.0.19",
      "resolved": "https://registry.npmjs.org/angular-ui-router/-/angular-ui-router-1.0.19.tgz",
      "integrity": "sha512-3d0IFjuWOc+2lE7HxmM+RYWmvd0yrW7QFHsY4uRVf/dgx7T1qUZMIS9L/Vji/HRx2lSwJ3m9YkYugvqr1LySUQ==",
      "requires": {
        "@uirouter/core": "5.0.20"
      }
    },
    "bootstrap3": {
      "version": "3.3.5",
      "resolved": "https://registry.npmjs.org/bootstrap3/-/bootstrap3-3.3.5.tgz",
      "integrity": "sha1-SWpO9sCHIU+paDgZbWDeZF6CWRo="
    }
  }
}
